
Microsoft Visual Studio Solution File, Format Version 11.00
# Visual Studio 2010
Project("{FAE04EC0-301F-11D3-BF4B-00C04F79EFBC}") = "Assembly-CSharp", "Assembly-CSharp.csproj", "{530C7C32-CD0A-10AA-9857-8E9286FF0952}"
EndProject
Project("{FAE04EC0-301F-11D3-BF4B-00C04F79EFBC}") = "Assembly-CSharp-firstpass", "Assembly-CSharp-firstpass.csproj", "{25794363-2B31-C29E-F6BF-D54616ED7C50}"
EndProject
Project("{FAE04EC0-301F-11D3-BF4B-00C04F79EFBC}") = "Assembly-CSharp-Editor-firstpass", "Assembly-CSharp-Editor-firstpass.csproj", "{6F65D520-F3F4-0031-96E4-ABA5E4FB8C48}"
EndProject
Global
	GlobalSection(SolutionConfigurationPlatforms) = preSolution
		Debug|Any CPU = Debug|Any CPU
		Release|Any CPU = Release|Any CPU
	EndGlobalSection
	GlobalSection(ProjectConfigurationPlatforms) = postSolution
		{530C7C32-CD0A-10AA-9857-8E9286FF0952}.Debug|Any CPU.ActiveCfg = Debug|Any CPU
		{530C7C32-CD0A-10AA-9857-8E9286FF0952}.Debug|Any CPU.Build.0 = Debug|Any CPU
		{530C7C32-CD0A-10AA-9857-8E9286FF0952}.Release|Any CPU.ActiveCfg = Release|Any CPU
		{530C7C32-CD0A-10AA-9857-8E9286FF0952}.Release|Any CPU.Build.0 = Release|Any CPU
		{25794363-2B31-C29E-F6BF-D54616ED7C50}.Debug|Any CPU.ActiveCfg = Debug|Any CPU
		{25794363-2B31-C29E-F6BF-D54616ED7C50}.Debug|Any CPU.Build.0 = Debug|Any CPU
		{25794363-2B31-C29E-F6BF-D54616ED7C50}.Release|Any CPU.ActiveCfg = Release|Any CPU
		{25794363-2B31-C29E-F6BF-D54616ED7C50}.Release|Any CPU.Build.0 = Release|Any CPU
		{6F65D520-F3F4-0031-96E4-ABA5E4FB8C48}.Debug|Any CPU.ActiveCfg = Debug|Any CPU
		{6F65D520-F3F4-0031-96E4-ABA5E4FB8C48}.Debug|Any CPU.Build.0 = Debug|Any CPU
		{6F65D520-F3F4-0031-96E4-ABA5E4FB8C48}.Release|Any CPU.ActiveCfg = Release|Any CPU
		{6F65D520-F3F4-0031-96E4-ABA5E4FB8C48}.Release|Any CPU.Build.0 = Release|Any CPU
	EndGlobalSection
	GlobalSection(SolutionProperties) = preSolution
		HideSolutionNode = FALSE
	EndGlobalSection
EndGlobal
